
Microsoft Visual Studio Solution File, Format Version 12.00
# Visual Studio Version 17
VisualStudioVersion = 17.1.32319.34
MinimumVisualStudioVersion = 10.0.40219.1
Project("{FAE04EC0-301F-11D3-BF4B-00C04F79EFBC}") = "TP-Dojo", "TP-Dojo\TP-Dojo.csproj", "{2EFDC636-39BC-4AF0-B4AE-6DC1DFF3AA0D}"
EndProject
Project("{FAE04EC0-301F-11D3-BF4B-00C04F79EFBC}") = "BO", "BO\BO.csproj", "{CB30B4AB-0C52-4B39-88F1-CE0735C34671}"
EndProject
Global
	GlobalSection(SolutionConfigurationPlatforms) = preSolution
		Debug|Any CPU = Debug|Any CPU
		Release|Any CPU = Release|Any CPU
	EndGlobalSection
	GlobalSection(ProjectConfigurationPlatforms) = postSolution
		{2EFDC636-39BC-4AF0-B4AE-6DC1DFF3AA0D}.Debug|Any CPU.ActiveCfg = Debug|Any CPU
		{2EFDC636-39BC-4AF0-B4AE-6DC1DFF3AA0D}.Debug|Any CPU.Build.0 = Debug|Any CPU
		{2EFDC636-39BC-4AF0-B4AE-6DC1DFF3AA0D}.Release|Any CPU.ActiveCfg = Release|Any CPU
		{2EFDC636-39BC-4AF0-B4AE-6DC1DFF3AA0D}.Release|Any CPU.Build.0 = Release|Any CPU
		{CB30B4AB-0C52-4B39-88F1-CE0735C34671}.Debug|Any CPU.ActiveCfg = Debug|Any CPU
		{CB30B4AB-0C52-4B39-88F1-CE0735C34671}.Debug|Any CPU.Build.0 = Debug|Any CPU
		{CB30B4AB-0C52-4B39-88F1-CE0735C34671}.Release|Any CPU.ActiveCfg = Release|Any CPU
		{CB30B4AB-0C52-4B39-88F1-CE0735C34671}.Release|Any CPU.Build.0 = Release|Any CPU
	EndGlobalSection
	GlobalSection(SolutionProperties) = preSolution
		HideSolutionNode = FALSE
	EndGlobalSection
	GlobalSection(ExtensibilityGlobals) = postSolution
		SolutionGuid = {DD3E53AD-DB90-4894-8736-075808AFC0C0}
	EndGlobalSection
EndGlobal
